
Microsoft Visual Studio Solution File, Format Version 12.00
# Visual Studio Version 16
VisualStudioVersion = 16.0.29318.209
MinimumVisualStudioVersion = 10.0.40219.1
Project("{FAE04EC0-301F-11D3-BF4B-00C04F79EFBC}") = "TestingProject", "TestingProject\TestingProject.csproj", "{1BAA503C-15A2-400F-9A79-0E60139D417F}"
EndProject
Global
	GlobalSection(SolutionConfigurationPlatforms) = preSolution
		Debug|Any CPU = Debug|Any CPU
		Release|Any CPU = Release|Any CPU
	EndGlobalSection
	GlobalSection(ProjectConfigurationPlatforms) = postSolution
		{1BAA503C-15A2-400F-9A79-0E60139D417F}.Debug|Any CPU.ActiveCfg = Debug|Any CPU
		{1BAA503C-15A2-400F-9A79-0E60139D417F}.Debug|Any CPU.Build.0 = Debug|Any CPU
		{1BAA503C-15A2-400F-9A79-0E60139D417F}.Release|Any CPU.ActiveCfg = Release|Any CPU
		{1BAA503C-15A2-400F-9A79-0E60139D417F}.Release|Any CPU.Build.0 = Release|Any CPU
	EndGlobalSection
	GlobalSection(SolutionProperties) = preSolution
		HideSolutionNode = FALSE
	EndGlobalSection
	GlobalSection(ExtensibilityGlobals) = postSolution
		SolutionGuid = {22B7F2AC-4A33-4883-A6BC-5FD12F309E08}
	EndGlobalSection
EndGlobal
